// !$*UTF8*$!
{
	archiveVersion = 1;
	classes = {
	};
	objectVersion = 50;
	objects = {

/* Begin PBXBuildFile section */
		230E7920212C3DFA00C07D25 /* USDA_FoodList.swift in Sources */ = {isa = PBXBuildFile; fileRef = 230E791F212C3DFA00C07D25 /* USDA_FoodList.swift */; };
		230E7922212C3E1E00C07D25 /* USDA_FoodReportV1.swift in Sources */ = {isa = PBXBuildFile; fileRef = 230E7921212C3E1E00C07D25 /* USDA_FoodReportV1.swift */; };
		230E7924212C409500C07D25 /* USDA_FoodSearch.swift in Sources */ = {isa = PBXBuildFile; fileRef = 230E7923212C409500C07D25 /* USDA_FoodSearch.swift */; };
		234020382125DF8E008BFB27 /* WorkoutViewModel.swift in Sources */ = {isa = PBXBuildFile; fileRef = 234020372125DF8E008BFB27 /* WorkoutViewModel.swift */; };
		234325B12125BB6500409C23 /* ExerciseViewModel.swift in Sources */ = {isa = PBXBuildFile; fileRef = 234325B02125BB6500409C23 /* ExerciseViewModel.swift */; };
		234325B32125BC4000409C23 /* DetailExerciseViewModel.swift in Sources */ = {isa = PBXBuildFile; fileRef = 234325B22125BC4000409C23 /* DetailExerciseViewModel.swift */; };
		236B8F402124AFE9002612E7 /* Exercise.swift in Sources */ = {isa = PBXBuildFile; fileRef = 236B8F3F2124AFE9002612E7 /* Exercise.swift */; };
		2377DDF62152DD5F00D1737E /* Landing.storyboard in Resources */ = {isa = PBXBuildFile; fileRef = 2377DDF52152DD5F00D1737E /* Landing.storyboard */; };
		2377DDF82152DD9000D1737E /* Date+.swift in Sources */ = {isa = PBXBuildFile; fileRef = 2377DDF72152DD9000D1737E /* Date+.swift */; };
		23A96083214B604E00FA0336 /* Routine.swift in Sources */ = {isa = PBXBuildFile; fileRef = 23A96078214B604C00FA0336 /* Routine.swift */; };
		23A96084214B604E00FA0336 /* Recipe.swift in Sources */ = {isa = PBXBuildFile; fileRef = 23A96079214B604D00FA0336 /* Recipe.swift */; };
		23A96085214B604E00FA0336 /* DatabaseJSON.swift in Sources */ = {isa = PBXBuildFile; fileRef = 23A9607A214B604D00FA0336 /* DatabaseJSON.swift */; };
		23A96086214B604E00FA0336 /* Food.swift in Sources */ = {isa = PBXBuildFile; fileRef = 23A9607B214B604D00FA0336 /* Food.swift */; };
		23A96087214B604E00FA0336 /* MapAnnotation.swift in Sources */ = {isa = PBXBuildFile; fileRef = 23A9607C214B604D00FA0336 /* MapAnnotation.swift */; };
		23A96088214B604E00FA0336 /* EBEvent.swift in Sources */ = {isa = PBXBuildFile; fileRef = 23A9607D214B604D00FA0336 /* EBEvent.swift */; };
		23A96089214B604E00FA0336 /* YelpEvent.swift in Sources */ = {isa = PBXBuildFile; fileRef = 23A9607E214B604D00FA0336 /* YelpEvent.swift */; };
		23A9608A214B604E00FA0336 /* ExerciseList.swift in Sources */ = {isa = PBXBuildFile; fileRef = 23A9607F214B604D00FA0336 /* ExerciseList.swift */; };
		23A9608B214B604E00FA0336 /* YelpBusiness.swift in Sources */ = {isa = PBXBuildFile; fileRef = 23A96080214B604E00FA0336 /* YelpBusiness.swift */; };
		23A9608C214B604E00FA0336 /* Article.swift in Sources */ = {isa = PBXBuildFile; fileRef = 23A96081214B604E00FA0336 /* Article.swift */; };
		23A9609A214B60A600FA0336 /* NutritionAPIService.swift in Sources */ = {isa = PBXBuildFile; fileRef = 23A9608D214B60A500FA0336 /* NutritionAPIService.swift */; };
		23A9609B214B60A600FA0336 /* DateFormatterService.swift in Sources */ = {isa = PBXBuildFile; fileRef = 23A9608E214B60A500FA0336 /* DateFormatterService.swift */; };
		23A9609C214B60A600FA0336 /* UserPreferenceService.swift in Sources */ = {isa = PBXBuildFile; fileRef = 23A9608F214B60A500FA0336 /* UserPreferenceService.swift */; };
		23A9609D214B60A600FA0336 /* EBEventAPIService.swift in Sources */ = {isa = PBXBuildFile; fileRef = 23A96090214B60A500FA0336 /* EBEventAPIService.swift */; };
		23A9609E214B60A600FA0336 /* LocationService.swift in Sources */ = {isa = PBXBuildFile; fileRef = 23A96091214B60A500FA0336 /* LocationService.swift */; };
		23A9609F214B60A600FA0336 /* BusinessAPIService.swift in Sources */ = {isa = PBXBuildFile; fileRef = 23A96092214B60A500FA0336 /* BusinessAPIService.swift */; };
		23A960A0214B60A600FA0336 /* ImageService.swift in Sources */ = {isa = PBXBuildFile; fileRef = 23A96093214B60A500FA0336 /* ImageService.swift */; };
		23A960A1214B60A600FA0336 /* FileManagerService.swift in Sources */ = {isa = PBXBuildFile; fileRef = 23A96094214B60A500FA0336 /* FileManagerService.swift */; };
		23A960A2214B60A600FA0336 /* FoodAPIService.swift in Sources */ = {isa = PBXBuildFile; fileRef = 23A96095214B60A500FA0336 /* FoodAPIService.swift */; };
		23A960A3214B60A600FA0336 /* ArticlesAPIService.swift in Sources */ = {isa = PBXBuildFile; fileRef = 23A96096214B60A600FA0336 /* ArticlesAPIService.swift */; };
		23A960A4214B60A600FA0336 /* USDAFoodAPIService.swift in Sources */ = {isa = PBXBuildFile; fileRef = 23A96097214B60A600FA0336 /* USDAFoodAPIService.swift */; };
		23A960A5214B60A600FA0336 /* RecipeAPIService.swift in Sources */ = {isa = PBXBuildFile; fileRef = 23A96098214B60A600FA0336 /* RecipeAPIService.swift */; };
		23A960A6214B60A600FA0336 /* YelpEventAPIService.swift in Sources */ = {isa = PBXBuildFile; fileRef = 23A96099214B60A600FA0336 /* YelpEventAPIService.swift */; };
		23A960B1214B60EA00FA0336 /* JoinBio.xib in Resources */ = {isa = PBXBuildFile; fileRef = 23A960A9214B60E900FA0336 /* JoinBio.xib */; };
		23A960B2214B60EA00FA0336 /* Join.swift in Sources */ = {isa = PBXBuildFile; fileRef = 23A960AA214B60E900FA0336 /* Join.swift */; };
		23A960B3214B60EA00FA0336 /* JoinFinal.xib in Resources */ = {isa = PBXBuildFile; fileRef = 23A960AB214B60E900FA0336 /* JoinFinal.xib */; };
		23A960B5214B60EA00FA0336 /* JoinHabits.xib in Resources */ = {isa = PBXBuildFile; fileRef = 23A960AD214B60E900FA0336 /* JoinHabits.xib */; };
		23A960C9214B623C00FA0336 /* Colors.xcassets in Resources */ = {isa = PBXBuildFile; fileRef = 23A960C4214B623900FA0336 /* Colors.xcassets */; };
		23A960CA214B623C00FA0336 /* Pictures.xcassets in Resources */ = {isa = PBXBuildFile; fileRef = 23A960C5214B623900FA0336 /* Pictures.xcassets */; };
		23A960CB214B623C00FA0336 /* Videos in Resources */ = {isa = PBXBuildFile; fileRef = 23A960C6214B623B00FA0336 /* Videos */; };
		23A960CD214B623C00FA0336 /* Icons.xcassets in Resources */ = {isa = PBXBuildFile; fileRef = 23A960C8214B623B00FA0336 /* Icons.xcassets */; };
		23A960D6214B628700FA0336 /* CustomLabel.swift in Sources */ = {isa = PBXBuildFile; fileRef = 23A960CE214B628700FA0336 /* CustomLabel.swift */; };
		23A960D7214B628700FA0336 /* Enums.swift in Sources */ = {isa = PBXBuildFile; fileRef = 23A960CF214B628700FA0336 /* Enums.swift */; };
		23A960D8214B628700FA0336 /* Extensions.swift in Sources */ = {isa = PBXBuildFile; fileRef = 23A960D0214B628700FA0336 /* Extensions.swift */; };
		23A960D9214B628700FA0336 /* CustomTextField.swift in Sources */ = {isa = PBXBuildFile; fileRef = 23A960D1214B628700FA0336 /* CustomTextField.swift */; };
		23A960DA214B628700FA0336 /* CustomView.swift in Sources */ = {isa = PBXBuildFile; fileRef = 23A960D2214B628700FA0336 /* CustomView.swift */; };
		23A960DB214B628700FA0336 /* CustomImageView.swift in Sources */ = {isa = PBXBuildFile; fileRef = 23A960D3214B628700FA0336 /* CustomImageView.swift */; };
		23A960DC214B628700FA0336 /* APIKeys.swift in Sources */ = {isa = PBXBuildFile; fileRef = 23A960D4214B628700FA0336 /* APIKeys.swift */; };
		23A960DD214B628700FA0336 /* CustomButtom.swift in Sources */ = {isa = PBXBuildFile; fileRef = 23A960D5214B628700FA0336 /* CustomButtom.swift */; };
		23A960F8214B67D000FA0336 /* LoginVC.swift in Sources */ = {isa = PBXBuildFile; fileRef = 23A960EB214B67CF00FA0336 /* LoginVC.swift */; };
		23A960F9214B67D000FA0336 /* FindVC.swift in Sources */ = {isa = PBXBuildFile; fileRef = 23A960EC214B67CF00FA0336 /* FindVC.swift */; };
		23A960FA214B67D000FA0336 /* CreateWorkoutVC.swift in Sources */ = {isa = PBXBuildFile; fileRef = 23A960ED214B67CF00FA0336 /* CreateWorkoutVC.swift */; };
		23A960FB214B67D000FA0336 /* ChatVC.swift in Sources */ = {isa = PBXBuildFile; fileRef = 23A960EE214B67CF00FA0336 /* ChatVC.swift */; };
		23A960FC214B67D000FA0336 /* LandingVC.swift in Sources */ = {isa = PBXBuildFile; fileRef = 23A960EF214B67CF00FA0336 /* LandingVC.swift */; };
		23A960FD214B67D000FA0336 /* WorkoutVC.swift in Sources */ = {isa = PBXBuildFile; fileRef = 23A960F0214B67CF00FA0336 /* WorkoutVC.swift */; };
		23A960FE214B67D000FA0336 /* BodyPartVC.swift in Sources */ = {isa = PBXBuildFile; fileRef = 23A960F1214B67CF00FA0336 /* BodyPartVC.swift */; };
		23A960FF214B67D000FA0336 /* OnboardingSlide.swift in Sources */ = {isa = PBXBuildFile; fileRef = 23A960F2214B67D000FA0336 /* OnboardingSlide.swift */; };
		23A96100214B67D000FA0336 /* JoinVC.swift in Sources */ = {isa = PBXBuildFile; fileRef = 23A960F3214B67D000FA0336 /* JoinVC.swift */; };
		23A96101214B67D000FA0336 /* ExerciseDetailVC.swift in Sources */ = {isa = PBXBuildFile; fileRef = 23A960F4214B67D000FA0336 /* ExerciseDetailVC.swift */; };
		23A96102214B67D000FA0336 /* DietVC.swift in Sources */ = {isa = PBXBuildFile; fileRef = 23A960F5214B67D000FA0336 /* DietVC.swift */; };
		23A96103214B67D000FA0336 /* RoutinesVC.swift in Sources */ = {isa = PBXBuildFile; fileRef = 23A960F6214B67D000FA0336 /* RoutinesVC.swift */; };
		23A96114214B68D000FA0336 /* ArticleHoldingCell.swift in Sources */ = {isa = PBXBuildFile; fileRef = 23A96104214B68CE00FA0336 /* ArticleHoldingCell.swift */; };
		23A96115214B68D000FA0336 /* BodyPartCell.swift in Sources */ = {isa = PBXBuildFile; fileRef = 23A96105214B68CE00FA0336 /* BodyPartCell.swift */; };
		23A96116214B68D000FA0336 /* HeaderCell.swift in Sources */ = {isa = PBXBuildFile; fileRef = 23A96106214B68CE00FA0336 /* HeaderCell.swift */; };
		23A96117214B68D000FA0336 /* MyWorkoutHoldingCell.swift in Sources */ = {isa = PBXBuildFile; fileRef = 23A96107214B68CE00FA0336 /* MyWorkoutHoldingCell.swift */; };
		23A96118214B68D000FA0336 /* ParkCell.swift in Sources */ = {isa = PBXBuildFile; fileRef = 23A96108214B68CE00FA0336 /* ParkCell.swift */; };
		23A96119214B68D000FA0336 /* RoutineExerciseCell.swift in Sources */ = {isa = PBXBuildFile; fileRef = 23A96109214B68CE00FA0336 /* RoutineExerciseCell.swift */; };
		23A9611A214B68D000FA0336 /* WorkoutCell.swift in Sources */ = {isa = PBXBuildFile; fileRef = 23A9610A214B68CE00FA0336 /* WorkoutCell.swift */; };
		23A9611B214B68D000FA0336 /* MyWorkoutCell.swift in Sources */ = {isa = PBXBuildFile; fileRef = 23A9610B214B68CE00FA0336 /* MyWorkoutCell.swift */; };
		23A9611C214B68D000FA0336 /* SuggestedCell.swift in Sources */ = {isa = PBXBuildFile; fileRef = 23A9610C214B68CF00FA0336 /* SuggestedCell.swift */; };
		23A9611D214B68D000FA0336 /* BodyPartHoldingCell.swift in Sources */ = {isa = PBXBuildFile; fileRef = 23A9610D214B68CF00FA0336 /* BodyPartHoldingCell.swift */; };
		23A9611E214B68D000FA0336 /* SuggestedHoldingCell.swift in Sources */ = {isa = PBXBuildFile; fileRef = 23A9610E214B68CF00FA0336 /* SuggestedHoldingCell.swift */; };
		23A9611F214B68D000FA0336 /* FoodCell.swift in Sources */ = {isa = PBXBuildFile; fileRef = 23A9610F214B68CF00FA0336 /* FoodCell.swift */; };
		23A96120214B68D000FA0336 /* GymCell.swift in Sources */ = {isa = PBXBuildFile; fileRef = 23A96110214B68CF00FA0336 /* GymCell.swift */; };
		23A96121214B68D000FA0336 /* ExerciseCell.swift in Sources */ = {isa = PBXBuildFile; fileRef = 23A96111214B68CF00FA0336 /* ExerciseCell.swift */; };
		23A96122214B68D000FA0336 /* RecipeCell.swift in Sources */ = {isa = PBXBuildFile; fileRef = 23A96112214B68CF00FA0336 /* RecipeCell.swift */; };
		23A96123214B68D000FA0336 /* ArticleCell.swift in Sources */ = {isa = PBXBuildFile; fileRef = 23A96113214B68CF00FA0336 /* ArticleCell.swift */; };
		23A9612C214B6E1600FA0336 /* LaunchScreen.storyboard in Resources */ = {isa = PBXBuildFile; fileRef = 23A9612A214B6E1600FA0336 /* LaunchScreen.storyboard */; };
		23A9612D214B6E1600FA0336 /* Main.storyboard in Resources */ = {isa = PBXBuildFile; fileRef = 23A9612B214B6E1600FA0336 /* Main.storyboard */; };
		23A9612F214B70C700FA0336 /* AppDelegate.swift in Sources */ = {isa = PBXBuildFile; fileRef = 23A9612E214B70C700FA0336 /* AppDelegate.swift */; };
		23ADE1CC2151B39000D6609C /* FacebookLoginServices.swift in Sources */ = {isa = PBXBuildFile; fileRef = 23ADE1CB2151B39000D6609C /* FacebookLoginServices.swift */; };
		23B4F9B32163CC15002D8C3D /* abs.mp4 in Resources */ = {isa = PBXBuildFile; fileRef = 23B4F9B22163CC15002D8C3D /* abs.mp4 */; };
		23B4F9B52163CCA9002D8C3D /* absCrunchesWithLegUp.mp4 in Resources */ = {isa = PBXBuildFile; fileRef = 23B4F9B42163CCA8002D8C3D /* absCrunchesWithLegUp.mp4 */; };
		23B4F9BD2163DF40002D8C3D /* routine.gif in Resources */ = {isa = PBXBuildFile; fileRef = 23B4F9B72163DF3F002D8C3D /* routine.gif */; };
		23B4F9BE2163DF40002D8C3D /* exercises.gif in Resources */ = {isa = PBXBuildFile; fileRef = 23B4F9B82163DF40002D8C3D /* exercises.gif */; };
		23B4F9BF2163DF40002D8C3D /* diet.gif in Resources */ = {isa = PBXBuildFile; fileRef = 23B4F9B92163DF40002D8C3D /* diet.gif */; };
		23B4F9C02163DF40002D8C3D /* login.gif in Resources */ = {isa = PBXBuildFile; fileRef = 23B4F9BA2163DF40002D8C3D /* login.gif */; };
		23B4F9C12163DF40002D8C3D /* workout.gif in Resources */ = {isa = PBXBuildFile; fileRef = 23B4F9BB2163DF40002D8C3D /* workout.gif */; };
		23B4F9C22163DF40002D8C3D /* find.gif in Resources */ = {isa = PBXBuildFile; fileRef = 23B4F9BC2163DF40002D8C3D /* find.gif */; };
		23B4F9C42163F2DB002D8C3D /* USDA_FoodReportV2.swift in Sources */ = {isa = PBXBuildFile; fileRef = 23B4F9C32163F2DB002D8C3D /* USDA_FoodReportV2.swift */; };
		800E46A990C8789D94F0BA43 /* Pods_myFit.framework in Frameworks */ = {isa = PBXBuildFile; fileRef = ADE0AA389526F60A5F5C5608 /* Pods_myFit.framework */; };
		8168699320BEF48D00294B42 /* LaunchImages.xcassets in Resources */ = {isa = PBXBuildFile; fileRef = 8168699220BEF48D00294B42 /* LaunchImages.xcassets */; };
		8170BC6D20C711CA00FA928E /* BMI.swift in Sources */ = {isa = PBXBuildFile; fileRef = 8170BC6C20C711CA00FA928E /* BMI.swift */; };
		90F39DEA28491FD4C2AAA0F6 /* Pods_myFit.framework in Frameworks */ = {isa = PBXBuildFile; fileRef = 3649ECCD48A3614DF03BD8FE /* Pods_myFit.framework */; };
/* End PBXBuildFile section */

/* Begin PBXFileReference section */
		169FC6C19A54AD2CAE5AB4E0 /* Pods-myFit.debug.xcconfig */ = {isa = PBXFileReference; includeInIndex = 1; lastKnownFileType = text.xcconfig; name = "Pods-myFit.debug.xcconfig"; path = "Pods/Target Support Files/Pods-myFit/Pods-myFit.debug.xcconfig"; sourceTree = "<group>"; };
		230E791F212C3DFA00C07D25 /* USDA_FoodList.swift */ = {isa = PBXFileReference; lastKnownFileType = sourcecode.swift; path = USDA_FoodList.swift; sourceTree = "<group>"; };
		230E7921212C3E1E00C07D25 /* USDA_FoodReportV1.swift */ = {isa = PBXFileReference; lastKnownFileType = sourcecode.swift; path = USDA_FoodReportV1.swift; sourceTree = "<group>"; };
		230E7923212C409500C07D25 /* USDA_FoodSearch.swift */ = {isa = PBXFileReference; lastKnownFileType = sourcecode.swift; path = USDA_FoodSearch.swift; sourceTree = "<group>"; };
		234020372125DF8E008BFB27 /* WorkoutViewModel.swift */ = {isa = PBXFileReference; lastKnownFileType = sourcecode.swift; path = WorkoutViewModel.swift; sourceTree = "<group>"; };
		234325B02125BB6500409C23 /* ExerciseViewModel.swift */ = {isa = PBXFileReference; lastKnownFileType = sourcecode.swift; path = ExerciseViewModel.swift; sourceTree = "<group>"; };
		234325B22125BC4000409C23 /* DetailExerciseViewModel.swift */ = {isa = PBXFileReference; lastKnownFileType = sourcecode.swift; path = DetailExerciseViewModel.swift; sourceTree = "<group>"; };
		236B8F3F2124AFE9002612E7 /* Exercise.swift */ = {isa = PBXFileReference; lastKnownFileType = sourcecode.swift; path = Exercise.swift; sourceTree = "<group>"; };
		2377DDF52152DD5F00D1737E /* Landing.storyboard */ = {isa = PBXFileReference; fileEncoding = 4; lastKnownFileType = file.storyboard; path = Landing.storyboard; sourceTree = "<group>"; };
		2377DDF72152DD9000D1737E /* Date+.swift */ = {isa = PBXFileReference; lastKnownFileType = sourcecode.swift; path = "Date+.swift"; sourceTree = "<group>"; };
		23A96078214B604C00FA0336 /* Routine.swift */ = {isa = PBXFileReference; fileEncoding = 4; lastKnownFileType = sourcecode.swift; path = Routine.swift; sourceTree = "<group>"; };
		23A96079214B604D00FA0336 /* Recipe.swift */ = {isa = PBXFileReference; fileEncoding = 4; lastKnownFileType = sourcecode.swift; path = Recipe.swift; sourceTree = "<group>"; };
		23A9607A214B604D00FA0336 /* DatabaseJSON.swift */ = {isa = PBXFileReference; fileEncoding = 4; lastKnownFileType = sourcecode.swift; path = DatabaseJSON.swift; sourceTree = "<group>"; };
		23A9607B214B604D00FA0336 /* Food.swift */ = {isa = PBXFileReference; fileEncoding = 4; lastKnownFileType = sourcecode.swift; path = Food.swift; sourceTree = "<group>"; };
		23A9607C214B604D00FA0336 /* MapAnnotation.swift */ = {isa = PBXFileReference; fileEncoding = 4; lastKnownFileType = sourcecode.swift; path = MapAnnotation.swift; sourceTree = "<group>"; };
		23A9607D214B604D00FA0336 /* EBEvent.swift */ = {isa = PBXFileReference; fileEncoding = 4; lastKnownFileType = sourcecode.swift; path = EBEvent.swift; sourceTree = "<group>"; };
		23A9607E214B604D00FA0336 /* YelpEvent.swift */ = {isa = PBXFileReference; fileEncoding = 4; lastKnownFileType = sourcecode.swift; path = YelpEvent.swift; sourceTree = "<group>"; };
		23A9607F214B604D00FA0336 /* ExerciseList.swift */ = {isa = PBXFileReference; fileEncoding = 4; lastKnownFileType = sourcecode.swift; path = ExerciseList.swift; sourceTree = "<group>"; };
		23A96080214B604E00FA0336 /* YelpBusiness.swift */ = {isa = PBXFileReference; fileEncoding = 4; lastKnownFileType = sourcecode.swift; path = YelpBusiness.swift; sourceTree = "<group>"; };
		23A96081214B604E00FA0336 /* Article.swift */ = {isa = PBXFileReference; fileEncoding = 4; lastKnownFileType = sourcecode.swift; path = Article.swift; sourceTree = "<group>"; };
		23A9608D214B60A500FA0336 /* NutritionAPIService.swift */ = {isa = PBXFileReference; fileEncoding = 4; lastKnownFileType = sourcecode.swift; path = NutritionAPIService.swift; sourceTree = "<group>"; };
		23A9608E214B60A500FA0336 /* DateFormatterService.swift */ = {isa = PBXFileReference; fileEncoding = 4; lastKnownFileType = sourcecode.swift; path = DateFormatterService.swift; sourceTree = "<group>"; };
		23A9608F214B60A500FA0336 /* UserPreferenceService.swift */ = {isa = PBXFileReference; fileEncoding = 4; lastKnownFileType = sourcecode.swift; path = UserPreferenceService.swift; sourceTree = "<group>"; };
		23A96090214B60A500FA0336 /* EBEventAPIService.swift */ = {isa = PBXFileReference; fileEncoding = 4; lastKnownFileType = sourcecode.swift; path = EBEventAPIService.swift; sourceTree = "<group>"; };
		23A96091214B60A500FA0336 /* LocationService.swift */ = {isa = PBXFileReference; fileEncoding = 4; lastKnownFileType = sourcecode.swift; path = LocationService.swift; sourceTree = "<group>"; };
		23A96092214B60A500FA0336 /* BusinessAPIService.swift */ = {isa = PBXFileReference; fileEncoding = 4; lastKnownFileType = sourcecode.swift; path = BusinessAPIService.swift; sourceTree = "<group>"; };
		23A96093214B60A500FA0336 /* ImageService.swift */ = {isa = PBXFileReference; fileEncoding = 4; lastKnownFileType = sourcecode.swift; path = ImageService.swift; sourceTree = "<group>"; };
		23A96094214B60A500FA0336 /* FileManagerService.swift */ = {isa = PBXFileReference; fileEncoding = 4; lastKnownFileType = sourcecode.swift; path = FileManagerService.swift; sourceTree = "<group>"; };
		23A96095214B60A500FA0336 /* FoodAPIService.swift */ = {isa = PBXFileReference; fileEncoding = 4; lastKnownFileType = sourcecode.swift; path = FoodAPIService.swift; sourceTree = "<group>"; };
		23A96096214B60A600FA0336 /* ArticlesAPIService.swift */ = {isa = PBXFileReference; fileEncoding = 4; lastKnownFileType = sourcecode.swift; path = ArticlesAPIService.swift; sourceTree = "<group>"; };
		23A96097214B60A600FA0336 /* USDAFoodAPIService.swift */ = {isa = PBXFileReference; fileEncoding = 4; lastKnownFileType = sourcecode.swift; path = USDAFoodAPIService.swift; sourceTree = "<group>"; };
		23A96098214B60A600FA0336 /* RecipeAPIService.swift */ = {isa = PBXFileReference; fileEncoding = 4; lastKnownFileType = sourcecode.swift; path = RecipeAPIService.swift; sourceTree = "<group>"; };
		23A96099214B60A600FA0336 /* YelpEventAPIService.swift */ = {isa = PBXFileReference; fileEncoding = 4; lastKnownFileType = sourcecode.swift; path = YelpEventAPIService.swift; sourceTree = "<group>"; };
		23A960A9214B60E900FA0336 /* JoinBio.xib */ = {isa = PBXFileReference; fileEncoding = 4; lastKnownFileType = file.xib; path = JoinBio.xib; sourceTree = "<group>"; };
		23A960AA214B60E900FA0336 /* Join.swift */ = {isa = PBXFileReference; fileEncoding = 4; lastKnownFileType = sourcecode.swift; path = Join.swift; sourceTree = "<group>"; };
		23A960AB214B60E900FA0336 /* JoinFinal.xib */ = {isa = PBXFileReference; fileEncoding = 4; lastKnownFileType = file.xib; path = JoinFinal.xib; sourceTree = "<group>"; };
		23A960AD214B60E900FA0336 /* JoinHabits.xib */ = {isa = PBXFileReference; fileEncoding = 4; lastKnownFileType = file.xib; path = JoinHabits.xib; sourceTree = "<group>"; };
		23A960C4214B623900FA0336 /* Colors.xcassets */ = {isa = PBXFileReference; lastKnownFileType = folder.assetcatalog; path = Colors.xcassets; sourceTree = "<group>"; };
		23A960C5214B623900FA0336 /* Pictures.xcassets */ = {isa = PBXFileReference; lastKnownFileType = folder.assetcatalog; path = Pictures.xcassets; sourceTree = "<group>"; };
		23A960C6214B623B00FA0336 /* Videos */ = {isa = PBXFileReference; lastKnownFileType = folder; path = Videos; sourceTree = "<group>"; };
		23A960C7214B623B00FA0336 /* LaunchImages.xcassets */ = {isa = PBXFileReference; lastKnownFileType = folder.assetcatalog; path = LaunchImages.xcassets; sourceTree = "<group>"; };
		23A960C8214B623B00FA0336 /* Icons.xcassets */ = {isa = PBXFileReference; lastKnownFileType = folder.assetcatalog; path = Icons.xcassets; sourceTree = "<group>"; };
		23A960CE214B628700FA0336 /* CustomLabel.swift */ = {isa = PBXFileReference; fileEncoding = 4; lastKnownFileType = sourcecode.swift; path = CustomLabel.swift; sourceTree = "<group>"; };
		23A960CF214B628700FA0336 /* Enums.swift */ = {isa = PBXFileReference; fileEncoding = 4; lastKnownFileType = sourcecode.swift; path = Enums.swift; sourceTree = "<group>"; };
		23A960D0214B628700FA0336 /* Extensions.swift */ = {isa = PBXFileReference; fileEncoding = 4; lastKnownFileType = sourcecode.swift; path = Extensions.swift; sourceTree = "<group>"; };
		23A960D1214B628700FA0336 /* CustomTextField.swift */ = {isa = PBXFileReference; fileEncoding = 4; lastKnownFileType = sourcecode.swift; path = CustomTextField.swift; sourceTree = "<group>"; };
		23A960D2214B628700FA0336 /* CustomView.swift */ = {isa = PBXFileReference; fileEncoding = 4; lastKnownFileType = sourcecode.swift; path = CustomView.swift; sourceTree = "<group>"; };
		23A960D3214B628700FA0336 /* CustomImageView.swift */ = {isa = PBXFileReference; fileEncoding = 4; lastKnownFileType = sourcecode.swift; path = CustomImageView.swift; sourceTree = "<group>"; };
		23A960D4214B628700FA0336 /* APIKeys.swift */ = {isa = PBXFileReference; fileEncoding = 4; lastKnownFileType = sourcecode.swift; path = APIKeys.swift; sourceTree = "<group>"; };
		23A960D5214B628700FA0336 /* CustomButtom.swift */ = {isa = PBXFileReference; fileEncoding = 4; lastKnownFileType = sourcecode.swift; path = CustomButtom.swift; sourceTree = "<group>"; };
		23A960EB214B67CF00FA0336 /* LoginVC.swift */ = {isa = PBXFileReference; fileEncoding = 4; lastKnownFileType = sourcecode.swift; path = LoginVC.swift; sourceTree = "<group>"; };
		23A960EC214B67CF00FA0336 /* FindVC.swift */ = {isa = PBXFileReference; fileEncoding = 4; lastKnownFileType = sourcecode.swift; path = FindVC.swift; sourceTree = "<group>"; };
		23A960ED214B67CF00FA0336 /* CreateWorkoutVC.swift */ = {isa = PBXFileReference; fileEncoding = 4; lastKnownFileType = sourcecode.swift; path = CreateWorkoutVC.swift; sourceTree = "<group>"; };
		23A960EE214B67CF00FA0336 /* ChatVC.swift */ = {isa = PBXFileReference; fileEncoding = 4; lastKnownFileType = sourcecode.swift; path = ChatVC.swift; sourceTree = "<group>"; };
		23A960EF214B67CF00FA0336 /* LandingVC.swift */ = {isa = PBXFileReference; fileEncoding = 4; lastKnownFileType = sourcecode.swift; path = LandingVC.swift; sourceTree = "<group>"; };
		23A960F0214B67CF00FA0336 /* WorkoutVC.swift */ = {isa = PBXFileReference; fileEncoding = 4; lastKnownFileType = sourcecode.swift; path = WorkoutVC.swift; sourceTree = "<group>"; };
		23A960F1214B67CF00FA0336 /* BodyPartVC.swift */ = {isa = PBXFileReference; fileEncoding = 4; lastKnownFileType = sourcecode.swift; path = BodyPartVC.swift; sourceTree = "<group>"; };
		23A960F2214B67D000FA0336 /* OnboardingSlide.swift */ = {isa = PBXFileReference; fileEncoding = 4; lastKnownFileType = sourcecode.swift; path = OnboardingSlide.swift; sourceTree = "<group>"; };
		23A960F3214B67D000FA0336 /* JoinVC.swift */ = {isa = PBXFileReference; fileEncoding = 4; lastKnownFileType = sourcecode.swift; path = JoinVC.swift; sourceTree = "<group>"; };
		23A960F4214B67D000FA0336 /* ExerciseDetailVC.swift */ = {isa = PBXFileReference; fileEncoding = 4; lastKnownFileType = sourcecode.swift; path = ExerciseDetailVC.swift; sourceTree = "<group>"; };
		23A960F5214B67D000FA0336 /* DietVC.swift */ = {isa = PBXFileReference; fileEncoding = 4; lastKnownFileType = sourcecode.swift; path = DietVC.swift; sourceTree = "<group>"; };
		23A960F6214B67D000FA0336 /* RoutinesVC.swift */ = {isa = PBXFileReference; fileEncoding = 4; lastKnownFileType = sourcecode.swift; path = RoutinesVC.swift; sourceTree = "<group>"; };
		23A96104214B68CE00FA0336 /* ArticleHoldingCell.swift */ = {isa = PBXFileReference; fileEncoding = 4; lastKnownFileType = sourcecode.swift; path = ArticleHoldingCell.swift; sourceTree = "<group>"; };
		23A96105214B68CE00FA0336 /* BodyPartCell.swift */ = {isa = PBXFileReference; fileEncoding = 4; lastKnownFileType = sourcecode.swift; path = BodyPartCell.swift; sourceTree = "<group>"; };
		23A96106214B68CE00FA0336 /* HeaderCell.swift */ = {isa = PBXFileReference; fileEncoding = 4; lastKnownFileType = sourcecode.swift; path = HeaderCell.swift; sourceTree = "<group>"; };
		23A96107214B68CE00FA0336 /* MyWorkoutHoldingCell.swift */ = {isa = PBXFileReference; fileEncoding = 4; lastKnownFileType = sourcecode.swift; path = MyWorkoutHoldingCell.swift; sourceTree = "<group>"; };
		23A96108214B68CE00FA0336 /* ParkCell.swift */ = {isa = PBXFileReference; fileEncoding = 4; lastKnownFileType = sourcecode.swift; path = ParkCell.swift; sourceTree = "<group>"; };
		23A96109214B68CE00FA0336 /* RoutineExerciseCell.swift */ = {isa = PBXFileReference; fileEncoding = 4; lastKnownFileType = sourcecode.swift; path = RoutineExerciseCell.swift; sourceTree = "<group>"; };
		23A9610A214B68CE00FA0336 /* WorkoutCell.swift */ = {isa = PBXFileReference; fileEncoding = 4; lastKnownFileType = sourcecode.swift; path = WorkoutCell.swift; sourceTree = "<group>"; };
		23A9610B214B68CE00FA0336 /* MyWorkoutCell.swift */ = {isa = PBXFileReference; fileEncoding = 4; lastKnownFileType = sourcecode.swift; path = MyWorkoutCell.swift; sourceTree = "<group>"; };
		23A9610C214B68CF00FA0336 /* SuggestedCell.swift */ = {isa = PBXFileReference; fileEncoding = 4; lastKnownFileType = sourcecode.swift; path = SuggestedCell.swift; sourceTree = "<group>"; };
		23A9610D214B68CF00FA0336 /* BodyPartHoldingCell.swift */ = {isa = PBXFileReference; fileEncoding = 4; lastKnownFileType = sourcecode.swift; path = BodyPartHoldingCell.swift; sourceTree = "<group>"; };
		23A9610E214B68CF00FA0336 /* SuggestedHoldingCell.swift */ = {isa = PBXFileReference; fileEncoding = 4; lastKnownFileType = sourcecode.swift; path = SuggestedHoldingCell.swift; sourceTree = "<group>"; };
		23A9610F214B68CF00FA0336 /* FoodCell.swift */ = {isa = PBXFileReference; fileEncoding = 4; lastKnownFileType = sourcecode.swift; path = FoodCell.swift; sourceTree = "<group>"; };
		23A96110214B68CF00FA0336 /* GymCell.swift */ = {isa = PBXFileReference; fileEncoding = 4; lastKnownFileType = sourcecode.swift; path = GymCell.swift; sourceTree = "<group>"; };
		23A96111214B68CF00FA0336 /* ExerciseCell.swift */ = {isa = PBXFileReference; fileEncoding = 4; lastKnownFileType = sourcecode.swift; path = ExerciseCell.swift; sourceTree = "<group>"; };
		23A96112214B68CF00FA0336 /* RecipeCell.swift */ = {isa = PBXFileReference; fileEncoding = 4; lastKnownFileType = sourcecode.swift; path = RecipeCell.swift; sourceTree = "<group>"; };
		23A96113214B68CF00FA0336 /* ArticleCell.swift */ = {isa = PBXFileReference; fileEncoding = 4; lastKnownFileType = sourcecode.swift; path = ArticleCell.swift; sourceTree = "<group>"; };
		23A96124214B6A2400FA0336 /* Info.plist */ = {isa = PBXFileReference; fileEncoding = 4; lastKnownFileType = text.plist.xml; path = Info.plist; sourceTree = "<group>"; };
		23A9612A214B6E1600FA0336 /* LaunchScreen.storyboard */ = {isa = PBXFileReference; fileEncoding = 4; lastKnownFileType = file.storyboard; path = LaunchScreen.storyboard; sourceTree = "<group>"; };
		23A9612B214B6E1600FA0336 /* Main.storyboard */ = {isa = PBXFileReference; fileEncoding = 4; lastKnownFileType = file.storyboard; path = Main.storyboard; sourceTree = "<group>"; };
		23A9612E214B70C700FA0336 /* AppDelegate.swift */ = {isa = PBXFileReference; fileEncoding = 4; lastKnownFileType = sourcecode.swift; path = AppDelegate.swift; sourceTree = "<group>"; };
		23ADE1CB2151B39000D6609C /* FacebookLoginServices.swift */ = {isa = PBXFileReference; lastKnownFileType = sourcecode.swift; path = FacebookLoginServices.swift; sourceTree = "<group>"; };
		23B4F9B22163CC15002D8C3D /* abs.mp4 */ = {isa = PBXFileReference; lastKnownFileType = file; path = abs.mp4; sourceTree = "<group>"; };
		23B4F9B42163CCA8002D8C3D /* absCrunchesWithLegUp.mp4 */ = {isa = PBXFileReference; lastKnownFileType = file; path = absCrunchesWithLegUp.mp4; sourceTree = "<group>"; };
		23B4F9B72163DF3F002D8C3D /* routine.gif */ = {isa = PBXFileReference; lastKnownFileType = image.gif; path = routine.gif; sourceTree = "<group>"; };
		23B4F9B82163DF40002D8C3D /* exercises.gif */ = {isa = PBXFileReference; lastKnownFileType = image.gif; path = exercises.gif; sourceTree = "<group>"; };
		23B4F9B92163DF40002D8C3D /* diet.gif */ = {isa = PBXFileReference; lastKnownFileType = image.gif; path = diet.gif; sourceTree = "<group>"; };
		23B4F9BA2163DF40002D8C3D /* login.gif */ = {isa = PBXFileReference; lastKnownFileType = image.gif; path = login.gif; sourceTree = "<group>"; };
		23B4F9BB2163DF40002D8C3D /* workout.gif */ = {isa = PBXFileReference; lastKnownFileType = image.gif; path = workout.gif; sourceTree = "<group>"; };
		23B4F9BC2163DF40002D8C3D /* find.gif */ = {isa = PBXFileReference; lastKnownFileType = image.gif; path = find.gif; sourceTree = "<group>"; };
		23B4F9C32163F2DB002D8C3D /* USDA_FoodReportV2.swift */ = {isa = PBXFileReference; lastKnownFileType = sourcecode.swift; path = USDA_FoodReportV2.swift; sourceTree = "<group>"; };
		3649ECCD48A3614DF03BD8FE /* Pods_myFit.framework */ = {isa = PBXFileReference; explicitFileType = wrapper.framework; includeInIndex = 0; name = Pods_myFit.framework; path = "../Debug-iphonesimulator/Pods_myFit.framework"; sourceTree = BUILT_PRODUCTS_DIR; };
		8128C2EE209532CE0088F28D /* myFit.app */ = {isa = PBXFileReference; explicitFileType = wrapper.application; includeInIndex = 0; path = myFit.app; sourceTree = BUILT_PRODUCTS_DIR; };
		8168699220BEF48D00294B42 /* LaunchImages.xcassets */ = {isa = PBXFileReference; lastKnownFileType = folder.assetcatalog; path = LaunchImages.xcassets; sourceTree = "<group>"; };
		8170BC6C20C711CA00FA928E /* BMI.swift */ = {isa = PBXFileReference; lastKnownFileType = sourcecode.swift; path = BMI.swift; sourceTree = "<group>"; };
		ADE0AA389526F60A5F5C5608 /* Pods_myFit.framework */ = {isa = PBXFileReference; explicitFileType = wrapper.framework; includeInIndex = 0; path = Pods_myFit.framework; sourceTree = BUILT_PRODUCTS_DIR; };
		B4EE77A01A0520C5CD40D94E /* Pods-myFit.release.xcconfig */ = {isa = PBXFileReference; includeInIndex = 1; lastKnownFileType = text.xcconfig; name = "Pods-myFit.release.xcconfig"; path = "Pods/Target Support Files/Pods-myFit/Pods-myFit.release.xcconfig"; sourceTree = "<group>"; };
/* End PBXFileReference section */

/* Begin PBXFrameworksBuildPhase section */
		8128C2EB209532CE0088F28D /* Frameworks */ = {
			isa = PBXFrameworksBuildPhase;
			buildActionMask = 2147483647;
			files = (
				90F39DEA28491FD4C2AAA0F6 /* Pods_myFit.framework in Frameworks */,
				800E46A990C8789D94F0BA43 /* Pods_myFit.framework in Frameworks */,
			);
			runOnlyForDeploymentPostprocessing = 0;
		};
/* End PBXFrameworksBuildPhase section */

/* Begin PBXGroup section */
		1874BD89D2051951E1413001 /* Frameworks */ = {
			isa = PBXGroup;
			children = (
				3649ECCD48A3614DF03BD8FE /* Pods_myFit.framework */,
				ADE0AA389526F60A5F5C5608 /* Pods_myFit.framework */,
			);
			name = Frameworks;
			sourceTree = "<group>";
		};
		234020362125D7A7008BFB27 /* Resources */ = {
			isa = PBXGroup;
			children = (
				23B4F9B62163D1D9002D8C3D /* Gifs */,
				23A960C6214B623B00FA0336 /* Videos */,
				23A960C4214B623900FA0336 /* Colors.xcassets */,
				23A960C8214B623B00FA0336 /* Icons.xcassets */,
				23A960C7214B623B00FA0336 /* LaunchImages.xcassets */,
				23A960C5214B623900FA0336 /* Pictures.xcassets */,
				8168699220BEF48D00294B42 /* LaunchImages.xcassets */,
			);
			path = Resources;
			sourceTree = "<group>";
		};
		236B8F432124B436002612E7 /* ViewModels */ = {
			isa = PBXGroup;
			children = (
				234325B02125BB6500409C23 /* ExerciseViewModel.swift */,
				234325B22125BC4000409C23 /* DetailExerciseViewModel.swift */,
				234020372125DF8E008BFB27 /* WorkoutViewModel.swift */,
			);
			path = ViewModels;
			sourceTree = "<group>";
		};
		23B4F9B62163D1D9002D8C3D /* Gifs */ = {
			isa = PBXGroup;
			children = (
				23B4F9B92163DF40002D8C3D /* diet.gif */,
				23B4F9B82163DF40002D8C3D /* exercises.gif */,
				23B4F9BC2163DF40002D8C3D /* find.gif */,
				23B4F9BA2163DF40002D8C3D /* login.gif */,
				23B4F9B72163DF3F002D8C3D /* routine.gif */,
				23B4F9BB2163DF40002D8C3D /* workout.gif */,
			);
			path = Gifs;
			sourceTree = "<group>";
		};
		23B544BD2151F21300FF921F /* Customs */ = {
			isa = PBXGroup;
			children = (
				23A960D0214B628700FA0336 /* Extensions.swift */,
				23A960D5214B628700FA0336 /* CustomButtom.swift */,
				23A960CE214B628700FA0336 /* CustomLabel.swift */,
				23A960D2214B628700FA0336 /* CustomView.swift */,
				23A960D1214B628700FA0336 /* CustomTextField.swift */,
				23A960D3214B628700FA0336 /* CustomImageView.swift */,
				2377DDF72152DD9000D1737E /* Date+.swift */,
			);
			path = Customs;
			sourceTree = "<group>";
		};
		8128C2E5209532CE0088F28D = {
			isa = PBXGroup;
			children = (
				23B4F9B42163CCA8002D8C3D /* absCrunchesWithLegUp.mp4 */,
				23B4F9B22163CC15002D8C3D /* abs.mp4 */,
				8128C2F0209532CE0088F28D /* myFit */,
				8128C2EF209532CE0088F28D /* Products */,
				856A46B0B414359B83EA3991 /* Pods */,
				1874BD89D2051951E1413001 /* Frameworks */,
			);
			sourceTree = "<group>";
		};
		8128C2EF209532CE0088F28D /* Products */ = {
			isa = PBXGroup;
			children = (
				8128C2EE209532CE0088F28D /* myFit.app */,
			);
			name = Products;
			sourceTree = "<group>";
		};
		8128C2F0209532CE0088F28D /* myFit */ = {
			isa = PBXGroup;
			children = (
				8168699820BEF4E300294B42 /* Supporting */,
				23B544BD2151F21300FF921F /* Customs */,
				234020362125D7A7008BFB27 /* Resources */,
				81A8F51520BF704100F62A37 /* Services */,
				8168699720BEF4CA00294B42 /* Models */,
				8168699620BEF4C400294B42 /* Views */,
				236B8F432124B436002612E7 /* ViewModels */,
				8168699520BEF4B600294B42 /* Controllers */,
			);
			path = myFit;
			sourceTree = "<group>";
		};
		8168699520BEF4B600294B42 /* Controllers */ = {
			isa = PBXGroup;
			children = (
				23A960F2214B67D000FA0336 /* OnboardingSlide.swift */,
				23A960EF214B67CF00FA0336 /* LandingVC.swift */,
				23A960EB214B67CF00FA0336 /* LoginVC.swift */,
				23A960F3214B67D000FA0336 /* JoinVC.swift */,
				23A960F5214B67D000FA0336 /* DietVC.swift */,
				23A960F0214B67CF00FA0336 /* WorkoutVC.swift */,
				23A960F1214B67CF00FA0336 /* BodyPartVC.swift */,
				23A960F6214B67D000FA0336 /* RoutinesVC.swift */,
				23A960F4214B67D000FA0336 /* ExerciseDetailVC.swift */,
				23A960ED214B67CF00FA0336 /* CreateWorkoutVC.swift */,
				23A960EC214B67CF00FA0336 /* FindVC.swift */,
				23A960EE214B67CF00FA0336 /* ChatVC.swift */,
			);
			path = Controllers;
			sourceTree = "<group>";
		};
		8168699620BEF4C400294B42 /* Views */ = {
			isa = PBXGroup;
			children = (
				23A960AA214B60E900FA0336 /* Join.swift */,
				23A960A9214B60E900FA0336 /* JoinBio.xib */,
				23A960AB214B60E900FA0336 /* JoinFinal.xib */,
				23A960AD214B60E900FA0336 /* JoinHabits.xib */,
				23A9610D214B68CF00FA0336 /* BodyPartHoldingCell.swift */,
				23A96105214B68CE00FA0336 /* BodyPartCell.swift */,
				23A96107214B68CE00FA0336 /* MyWorkoutHoldingCell.swift */,
				23A9610B214B68CE00FA0336 /* MyWorkoutCell.swift */,
				23A9610E214B68CF00FA0336 /* SuggestedHoldingCell.swift */,
				23A9610C214B68CF00FA0336 /* SuggestedCell.swift */,
				23A96104214B68CE00FA0336 /* ArticleHoldingCell.swift */,
				23A96113214B68CF00FA0336 /* ArticleCell.swift */,
				23A9610A214B68CE00FA0336 /* WorkoutCell.swift */,
				23A96109214B68CE00FA0336 /* RoutineExerciseCell.swift */,
				23A96111214B68CF00FA0336 /* ExerciseCell.swift */,
				23A9610F214B68CF00FA0336 /* FoodCell.swift */,
				23A96106214B68CE00FA0336 /* HeaderCell.swift */,
				23A96112214B68CF00FA0336 /* RecipeCell.swift */,
				23A96108214B68CE00FA0336 /* ParkCell.swift */,
				23A96110214B68CF00FA0336 /* GymCell.swift */,
			);
			path = Views;
			sourceTree = "<group>";
		};
		8168699720BEF4CA00294B42 /* Models */ = {
			isa = PBXGroup;
			children = (
				23A9607A214B604D00FA0336 /* DatabaseJSON.swift */,
				23A96081214B604E00FA0336 /* Article.swift */,
				23A9607B214B604D00FA0336 /* Food.swift */,
				23A96079214B604D00FA0336 /* Recipe.swift */,
				230E791F212C3DFA00C07D25 /* USDA_FoodList.swift */,
				230E7921212C3E1E00C07D25 /* USDA_FoodReportV1.swift */,
				23B4F9C32163F2DB002D8C3D /* USDA_FoodReportV2.swift */,
				230E7923212C409500C07D25 /* USDA_FoodSearch.swift */,
				23A9607D214B604D00FA0336 /* EBEvent.swift */,
				23A9607E214B604D00FA0336 /* YelpEvent.swift */,
				23A96080214B604E00FA0336 /* YelpBusiness.swift */,
				23A9607C214B604D00FA0336 /* MapAnnotation.swift */,
				23A96078214B604C00FA0336 /* Routine.swift */,
				236B8F3F2124AFE9002612E7 /* Exercise.swift */,
				23A9607F214B604D00FA0336 /* ExerciseList.swift */,
				8170BC6C20C711CA00FA928E /* BMI.swift */,
			);
			path = Models;
			sourceTree = "<group>";
		};
		8168699820BEF4E300294B42 /* Supporting */ = {
			isa = PBXGroup;
			children = (
				23A96124214B6A2400FA0336 /* Info.plist */,
				23A9612E214B70C700FA0336 /* AppDelegate.swift */,
				23A9612A214B6E1600FA0336 /* LaunchScreen.storyboard */,
				2377DDF52152DD5F00D1737E /* Landing.storyboard */,
				23A9612B214B6E1600FA0336 /* Main.storyboard */,
				23A960D4214B628700FA0336 /* APIKeys.swift */,
				23A960CF214B628700FA0336 /* Enums.swift */,
			);
			path = Supporting;
			sourceTree = "<group>";
		};
		81A8F51520BF704100F62A37 /* Services */ = {
			isa = PBXGroup;
			children = (
				23A96095214B60A500FA0336 /* FoodAPIService.swift */,
				23A96097214B60A600FA0336 /* USDAFoodAPIService.swift */,
				23A96098214B60A600FA0336 /* RecipeAPIService.swift */,
				23A9608D214B60A500FA0336 /* NutritionAPIService.swift */,
				23A96090214B60A500FA0336 /* EBEventAPIService.swift */,
				23A96099214B60A600FA0336 /* YelpEventAPIService.swift */,
				23A96092214B60A500FA0336 /* BusinessAPIService.swift */,
				23A96096214B60A600FA0336 /* ArticlesAPIService.swift */,
				23A9608E214B60A500FA0336 /* DateFormatterService.swift */,
				23A96091214B60A500FA0336 /* LocationService.swift */,
				23A9608F214B60A500FA0336 /* UserPreferenceService.swift */,
				23A96094214B60A500FA0336 /* FileManagerService.swift */,
				23A96093214B60A500FA0336 /* ImageService.swift */,
				23ADE1CB2151B39000D6609C /* FacebookLoginServices.swift */,
			);
			path = Services;
			sourceTree = "<group>";
		};
		856A46B0B414359B83EA3991 /* Pods */ = {
			isa = PBXGroup;
			children = (
				169FC6C19A54AD2CAE5AB4E0 /* Pods-myFit.debug.xcconfig */,
				B4EE77A01A0520C5CD40D94E /* Pods-myFit.release.xcconfig */,
			);
			name = Pods;
			sourceTree = "<group>";
		};
/* End PBXGroup section */

/* Begin PBXNativeTarget section */
		8128C2ED209532CE0088F28D /* myFit */ = {
			isa = PBXNativeTarget;
			buildConfigurationList = 8128C300209532D00088F28D /* Build configuration list for PBXNativeTarget "myFit" */;
			buildPhases = (
				E63F0C7B328B242AD4413DC2 /* [CP] Check Pods Manifest.lock */,
				8128C2EA209532CE0088F28D /* Sources */,
				8128C2EB209532CE0088F28D /* Frameworks */,
				8128C2EC209532CE0088F28D /* Resources */,
				4BF43F48D2264CDB19F3A724 /* [CP] Embed Pods Frameworks */,
			);
			buildRules = (
			);
			dependencies = (
			);
			name = myFit;
			productName = Fit;
			productReference = 8128C2EE209532CE0088F28D /* myFit.app */;
			productType = "com.apple.product-type.application";
		};
/* End PBXNativeTarget section */

/* Begin PBXProject section */
		8128C2E6209532CE0088F28D /* Project object */ = {
			isa = PBXProject;
			attributes = {
				LastSwiftUpdateCheck = 0930;
				LastUpgradeCheck = 0930;
				ORGANIZATIONNAME = "Winston Maragh";
				TargetAttributes = {
					8128C2ED209532CE0088F28D = {
						CreatedOnToolsVersion = 9.3;
						LastSwiftMigration = 1000;
					};
				};
			};
			buildConfigurationList = 8128C2E9209532CE0088F28D /* Build configuration list for PBXProject "myFit" */;
			compatibilityVersion = "Xcode 9.3";
			developmentRegion = en;
			hasScannedForEncodings = 0;
			knownRegions = (
				en,
				Base,
			);
			mainGroup = 8128C2E5209532CE0088F28D;
			productRefGroup = 8128C2EF209532CE0088F28D /* Products */;
			projectDirPath = "";
			projectRoot = "";
			targets = (
				8128C2ED209532CE0088F28D /* myFit */,
			);
		};
/* End PBXProject section */

/* Begin PBXResourcesBuildPhase section */
		8128C2EC209532CE0088F28D /* Resources */ = {
			isa = PBXResourcesBuildPhase;
			buildActionMask = 2147483647;
			files = (
				23B4F9B52163CCA9002D8C3D /* absCrunchesWithLegUp.mp4 in Resources */,
				23B4F9B32163CC15002D8C3D /* abs.mp4 in Resources */,
				23B4F9C22163DF40002D8C3D /* find.gif in Resources */,
				23B4F9BF2163DF40002D8C3D /* diet.gif in Resources */,
				23A960CB214B623C00FA0336 /* Videos in Resources */,
				23A960B1214B60EA00FA0336 /* JoinBio.xib in Resources */,
				23A960C9214B623C00FA0336 /* Colors.xcassets in Resources */,
				23B4F9C12163DF40002D8C3D /* workout.gif in Resources */,
				23A960B3214B60EA00FA0336 /* JoinFinal.xib in Resources */,
				23A9612D214B6E1600FA0336 /* Main.storyboard in Resources */,
				23B4F9BE2163DF40002D8C3D /* exercises.gif in Resources */,
				2377DDF62152DD5F00D1737E /* Landing.storyboard in Resources */,
				23A9612C214B6E1600FA0336 /* LaunchScreen.storyboard in Resources */,
				23B4F9BD2163DF40002D8C3D /* routine.gif in Resources */,
				23B4F9C02163DF40002D8C3D /* login.gif in Resources */,
				23A960B5214B60EA00FA0336 /* JoinHabits.xib in Resources */,
				23A960CA214B623C00FA0336 /* Pictures.xcassets in Resources */,
				23A960CD214B623C00FA0336 /* Icons.xcassets in Resources */,
				8168699320BEF48D00294B42 /* LaunchImages.xcassets in Resources */,
			);
			runOnlyForDeploymentPostprocessing = 0;
		};
/* End PBXResourcesBuildPhase section */

/* Begin PBXShellScriptBuildPhase section */
		4BF43F48D2264CDB19F3A724 /* [CP] Embed Pods Frameworks */ = {
			isa = PBXShellScriptBuildPhase;
			buildActionMask = 2147483647;
			files = (
			);
			inputPaths = (
				"${SRCROOT}/Pods/Target Support Files/Pods-myFit/Pods-myFit-frameworks.sh",
				"${BUILT_PRODUCTS_DIR}/Alamofire/Alamofire.framework",
				"${BUILT_PRODUCTS_DIR}/Bolts/Bolts.framework",
				"${BUILT_PRODUCTS_DIR}/FBSDKCoreKit/FBSDKCoreKit.framework",
				"${BUILT_PRODUCTS_DIR}/FBSDKLoginKit/FBSDKLoginKit.framework",
				"${BUILT_PRODUCTS_DIR}/SwiftyJSON/SwiftyJSON.framework",
			);
			name = "[CP] Embed Pods Frameworks";
			outputPaths = (
				"${TARGET_BUILD_DIR}/${FRAMEWORKS_FOLDER_PATH}/Alamofire.framework",
				"${TARGET_BUILD_DIR}/${FRAMEWORKS_FOLDER_PATH}/Bolts.framework",
				"${TARGET_BUILD_DIR}/${FRAMEWORKS_FOLDER_PATH}/FBSDKCoreKit.framework",
				"${TARGET_BUILD_DIR}/${FRAMEWORKS_FOLDER_PATH}/FBSDKLoginKit.framework",
				"${TARGET_BUILD_DIR}/${FRAMEWORKS_FOLDER_PATH}/SwiftyJSON.framework",
			);
			runOnlyForDeploymentPostprocessing = 0;
			shellPath = /bin/sh;
			shellScript = "\"${SRCROOT}/Pods/Target Support Files/Pods-myFit/Pods-myFit-frameworks.sh\"\n";
			showEnvVarsInLog = 0;
		};
		E63F0C7B328B242AD4413DC2 /* [CP] Check Pods Manifest.lock */ = {
			isa = PBXShellScriptBuildPhase;
			buildActionMask = 2147483647;
			files = (
			);
			inputPaths = (
				"${PODS_PODFILE_DIR_PATH}/Podfile.lock",
				"${PODS_ROOT}/Manifest.lock",
			);
			name = "[CP] Check Pods Manifest.lock";
			outputPaths = (
				"$(DERIVED_FILE_DIR)/Pods-myFit-checkManifestLockResult.txt",
			);
			runOnlyForDeploymentPostprocessing = 0;
			shellPath = /bin/sh;
			shellScript = "diff \"${PODS_PODFILE_DIR_PATH}/Podfile.lock\" \"${PODS_ROOT}/Manifest.lock\" > /dev/null\nif [ $? != 0 ] ; then\n    # print error to STDERR\n    echo \"error: The sandbox is not in sync with the Podfile.lock. Run 'pod install' or update your CocoaPods installation.\" >&2\n    exit 1\nfi\n# This output is used by Xcode 'outputs' to avoid re-running this script phase.\necho \"SUCCESS\" > \"${SCRIPT_OUTPUT_FILE_0}\"\n";
			showEnvVarsInLog = 0;
		};
/* End PBXShellScriptBuildPhase section */

/* Begin PBXSourcesBuildPhase section */
		8128C2EA209532CE0088F28D /* Sources */ = {
			isa = PBXSourcesBuildPhase;
			buildActionMask = 2147483647;
			files = (
				23A960A6214B60A600FA0336 /* YelpEventAPIService.swift in Sources */,
				23A9609A214B60A600FA0336 /* NutritionAPIService.swift in Sources */,
				230E7920212C3DFA00C07D25 /* USDA_FoodList.swift in Sources */,
				23A960A3214B60A600FA0336 /* ArticlesAPIService.swift in Sources */,
				23A9609F214B60A600FA0336 /* BusinessAPIService.swift in Sources */,
				23A96085214B604E00FA0336 /* DatabaseJSON.swift in Sources */,
				23A960DA214B628700FA0336 /* CustomView.swift in Sources */,
				8170BC6D20C711CA00FA928E /* BMI.swift in Sources */,
				230E7922212C3E1E00C07D25 /* USDA_FoodReportV1.swift in Sources */,
				23A9611C214B68D000FA0336 /* SuggestedCell.swift in Sources */,
				23B4F9C42163F2DB002D8C3D /* USDA_FoodReportV2.swift in Sources */,
				23A960DB214B628700FA0336 /* CustomImageView.swift in Sources */,
				234325B12125BB6500409C23 /* ExerciseViewModel.swift in Sources */,
				23A960FB214B67D000FA0336 /* ChatVC.swift in Sources */,
				234020382125DF8E008BFB27 /* WorkoutViewModel.swift in Sources */,
				23A9609E214B60A600FA0336 /* LocationService.swift in Sources */,
				23A96123214B68D000FA0336 /* ArticleCell.swift in Sources */,
				23A96119214B68D000FA0336 /* RoutineExerciseCell.swift in Sources */,
				23A96084214B604E00FA0336 /* Recipe.swift in Sources */,
				23A96100214B67D000FA0336 /* JoinVC.swift in Sources */,
				23A960FC214B67D000FA0336 /* LandingVC.swift in Sources */,
				23A960B2214B60EA00FA0336 /* Join.swift in Sources */,
				23A960A5214B60A600FA0336 /* RecipeAPIService.swift in Sources */,
				23A960D8214B628700FA0336 /* Extensions.swift in Sources */,
				23A9611E214B68D000FA0336 /* SuggestedHoldingCell.swift in Sources */,
				23A96089214B604E00FA0336 /* YelpEvent.swift in Sources */,
				23A96115214B68D000FA0336 /* BodyPartCell.swift in Sources */,
				23A96121214B68D000FA0336 /* ExerciseCell.swift in Sources */,
				23A9608B214B604E00FA0336 /* YelpBusiness.swift in Sources */,
				23A96087214B604E00FA0336 /* MapAnnotation.swift in Sources */,
				23A960A1214B60A600FA0336 /* FileManagerService.swift in Sources */,
				23A9611A214B68D000FA0336 /* WorkoutCell.swift in Sources */,
				23A96116214B68D000FA0336 /* HeaderCell.swift in Sources */,
				23A96101214B67D000FA0336 /* ExerciseDetailVC.swift in Sources */,
				23A960F8214B67D000FA0336 /* LoginVC.swift in Sources */,
				23A960A0214B60A600FA0336 /* ImageService.swift in Sources */,
				23A96086214B604E00FA0336 /* Food.swift in Sources */,
				23A960FA214B67D000FA0336 /* CreateWorkoutVC.swift in Sources */,
				23A9611B214B68D000FA0336 /* MyWorkoutCell.swift in Sources */,
				23A960F9214B67D000FA0336 /* FindVC.swift in Sources */,
				23A96083214B604E00FA0336 /* Routine.swift in Sources */,
				23A960FF214B67D000FA0336 /* OnboardingSlide.swift in Sources */,
				23A9612F214B70C700FA0336 /* AppDelegate.swift in Sources */,
				23A9608A214B604E00FA0336 /* ExerciseList.swift in Sources */,
				23A960D9214B628700FA0336 /* CustomTextField.swift in Sources */,
				23ADE1CC2151B39000D6609C /* FacebookLoginServices.swift in Sources */,
				23A960FD214B67D000FA0336 /* WorkoutVC.swift in Sources */,
				23A96122214B68D000FA0336 /* RecipeCell.swift in Sources */,
				234325B32125BC4000409C23 /* DetailExerciseViewModel.swift in Sources */,
				236B8F402124AFE9002612E7 /* Exercise.swift in Sources */,
				23A960DC214B628700FA0336 /* APIKeys.swift in Sources */,
				23A9609B214B60A600FA0336 /* DateFormatterService.swift in Sources */,
				23A9608C214B604E00FA0336 /* Article.swift in Sources */,
				23A960FE214B67D000FA0336 /* BodyPartVC.swift in Sources */,
				230E7924212C409500C07D25 /* USDA_FoodSearch.swift in Sources */,
				23A9611D214B68D000FA0336 /* BodyPartHoldingCell.swift in Sources */,
				23A96102214B67D000FA0336 /* DietVC.swift in Sources */,
				23A96118214B68D000FA0336 /* ParkCell.swift in Sources */,
				23A9609D214B60A600FA0336 /* EBEventAPIService.swift in Sources */,
				23A96114214B68D000FA0336 /* ArticleHoldingCell.swift in Sources */,
				23A9611F214B68D000FA0336 /* FoodCell.swift in Sources */,
				2377DDF82152DD9000D1737E /* Date+.swift in Sources */,
				23A96120214B68D000FA0336 /* GymCell.swift in Sources */,
				23A960A4214B60A600FA0336 /* USDAFoodAPIService.swift in Sources */,
				23A960A2214B60A600FA0336 /* FoodAPIService.swift in Sources */,
				23A96103214B67D000FA0336 /* RoutinesVC.swift in Sources */,
				23A96117214B68D000FA0336 /* MyWorkoutHoldingCell.swift in Sources */,
				23A960D6214B628700FA0336 /* CustomLabel.swift in Sources */,
				23A96088214B604E00FA0336 /* EBEvent.swift in Sources */,
				23A960D7214B628700FA0336 /* Enums.swift in Sources */,
				23A9609C214B60A600FA0336 /* UserPreferenceService.swift in Sources */,
				23A960DD214B628700FA0336 /* CustomButtom.swift in Sources */,
			);
			runOnlyForDeploymentPostprocessing = 0;
		};
/* End PBXSourcesBuildPhase section */

/* Begin XCBuildConfiguration section */
		8128C2FE209532D00088F28D /* Debug */ = {
			isa = XCBuildConfiguration;
			buildSettings = {
				ALWAYS_SEARCH_USER_PATHS = NO;
				CLANG_ANALYZER_NONNULL = YES;
				CLANG_ANALYZER_NUMBER_OBJECT_CONVERSION = YES_AGGRESSIVE;
				CLANG_CXX_LANGUAGE_STANDARD = "gnu++14";
				CLANG_CXX_LIBRARY = "libc++";
				CLANG_ENABLE_MODULES = YES;
				CLANG_ENABLE_OBJC_ARC = YES;
				CLANG_ENABLE_OBJC_WEAK = YES;
				CLANG_WARN_BLOCK_CAPTURE_AUTORELEASING = YES;
				CLANG_WARN_BOOL_CONVERSION = YES;
				CLANG_WARN_COMMA = YES;
				CLANG_WARN_CONSTANT_CONVERSION = YES;
				CLANG_WARN_DEPRECATED_OBJC_IMPLEMENTATIONS = YES;
				CLANG_WARN_DIRECT_OBJC_ISA_USAGE = YES_ERROR;
				CLANG_WARN_DOCUMENTATION_COMMENTS = YES;
				CLANG_WARN_EMPTY_BODY = YES;
				CLANG_WARN_ENUM_CONVERSION = YES;
				CLANG_WARN_INFINITE_RECURSION = YES;
				CLANG_WARN_INT_CONVERSION = YES;
				CLANG_WARN_NON_LITERAL_NULL_CONVERSION = YES;
				CLANG_WARN_OBJC_IMPLICIT_RETAIN_SELF = YES;
				CLANG_WARN_OBJC_LITERAL_CONVERSION = YES;
				CLANG_WARN_OBJC_ROOT_CLASS = YES_ERROR;
				CLANG_WARN_RANGE_LOOP_ANALYSIS = YES;
				CLANG_WARN_STRICT_PROTOTYPES = YES;
				CLANG_WARN_SUSPICIOUS_MOVE = YES;
				CLANG_WARN_UNGUARDED_AVAILABILITY = YES_AGGRESSIVE;
				CLANG_WARN_UNREACHABLE_CODE = YES;
				CLANG_WARN__DUPLICATE_METHOD_MATCH = YES;
				CODE_SIGN_IDENTITY = "iPhone Developer";
				COPY_PHASE_STRIP = NO;
				DEBUG_INFORMATION_FORMAT = dwarf;
				ENABLE_STRICT_OBJC_MSGSEND = YES;
				ENABLE_TESTABILITY = YES;
				GCC_C_LANGUAGE_STANDARD = gnu11;
				GCC_DYNAMIC_NO_PIC = NO;
				GCC_NO_COMMON_BLOCKS = YES;
				GCC_OPTIMIZATION_LEVEL = 0;
				GCC_PREPROCESSOR_DEFINITIONS = (
					"DEBUG=1",
					"$(inherited)",
				);
				GCC_WARN_64_TO_32_BIT_CONVERSION = YES;
				GCC_WARN_ABOUT_RETURN_TYPE = YES_ERROR;
				GCC_WARN_UNDECLARED_SELECTOR = YES;
				GCC_WARN_UNINITIALIZED_AUTOS = YES_AGGRESSIVE;
				GCC_WARN_UNUSED_FUNCTION = YES;
				GCC_WARN_UNUSED_VARIABLE = YES;
				IPHONEOS_DEPLOYMENT_TARGET = 11.3;
				MTL_ENABLE_DEBUG_INFO = YES;
				ONLY_ACTIVE_ARCH = YES;
				SDKROOT = iphoneos;
				SWIFT_ACTIVE_COMPILATION_CONDITIONS = DEBUG;
				SWIFT_OPTIMIZATION_LEVEL = "-Onone";
			};
			name = Debug;
		};
		8128C2FF209532D00088F28D /* Release */ = {
			isa = XCBuildConfiguration;
			buildSettings = {
				ALWAYS_SEARCH_USER_PATHS = NO;
				CLANG_ANALYZER_NONNULL = YES;
				CLANG_ANALYZER_NUMBER_OBJECT_CONVERSION = YES_AGGRESSIVE;
				CLANG_CXX_LANGUAGE_STANDARD = "gnu++14";
				CLANG_CXX_LIBRARY = "libc++";
				CLANG_ENABLE_MODULES = YES;
				CLANG_ENABLE_OBJC_ARC = YES;
				CLANG_ENABLE_OBJC_WEAK = YES;
				CLANG_WARN_BLOCK_CAPTURE_AUTORELEASING = YES;
				CLANG_WARN_BOOL_CONVERSION = YES;
				CLANG_WARN_COMMA = YES;
				CLANG_WARN_CONSTANT_CONVERSION = YES;
				CLANG_WARN_DEPRECATED_OBJC_IMPLEMENTATIONS = YES;
				CLANG_WARN_DIRECT_OBJC_ISA_USAGE = YES_ERROR;
				CLANG_WARN_DOCUMENTATION_COMMENTS = YES;
				CLANG_WARN_EMPTY_BODY = YES;
				CLANG_WARN_ENUM_CONVERSION = YES;
				CLANG_WARN_INFINITE_RECURSION = YES;
				CLANG_WARN_INT_CONVERSION = YES;
				CLANG_WARN_NON_LITERAL_NULL_CONVERSION = YES;
				CLANG_WARN_OBJC_IMPLICIT_RETAIN_SELF = YES;
				CLANG_WARN_OBJC_LITERAL_CONVERSION = YES;
				CLANG_WARN_OBJC_ROOT_CLASS = YES_ERROR;
				CLANG_WARN_RANGE_LOOP_ANALYSIS = YES;
				CLANG_WARN_STRICT_PROTOTYPES = YES;
				CLANG_WARN_SUSPICIOUS_MOVE = YES;
				CLANG_WARN_UNGUARDED_AVAILABILITY = YES_AGGRESSIVE;
				CLANG_WARN_UNREACHABLE_CODE = YES;
				CLANG_WARN__DUPLICATE_METHOD_MATCH = YES;
				CODE_SIGN_IDENTITY = "iPhone Developer";
				COPY_PHASE_STRIP = NO;
				DEBUG_INFORMATION_FORMAT = "dwarf-with-dsym";
				ENABLE_NS_ASSERTIONS = NO;
				ENABLE_STRICT_OBJC_MSGSEND = YES;
				GCC_C_LANGUAGE_STANDARD = gnu11;
				GCC_NO_COMMON_BLOCKS = YES;
				GCC_WARN_64_TO_32_BIT_CONVERSION = YES;
				GCC_WARN_ABOUT_RETURN_TYPE = YES_ERROR;
				GCC_WARN_UNDECLARED_SELECTOR = YES;
				GCC_WARN_UNINITIALIZED_AUTOS = YES_AGGRESSIVE;
				GCC_WARN_UNUSED_FUNCTION = YES;
				GCC_WARN_UNUSED_VARIABLE = YES;
				IPHONEOS_DEPLOYMENT_TARGET = 11.3;
				MTL_ENABLE_DEBUG_INFO = NO;
				SDKROOT = iphoneos;
				SWIFT_COMPILATION_MODE = wholemodule;
				SWIFT_OPTIMIZATION_LEVEL = "-O";
				VALIDATE_PRODUCT = YES;
			};
			name = Release;
		};
		8128C301209532D00088F28D /* Debug */ = {
			isa = XCBuildConfiguration;
			baseConfigurationReference = 169FC6C19A54AD2CAE5AB4E0 /* Pods-myFit.debug.xcconfig */;
			buildSettings = {
				ASSETCATALOG_COMPILER_APPICON_NAME = AppIcon;
				ASSETCATALOG_COMPILER_LAUNCHIMAGE_NAME = LaunchImage;
				CODE_SIGN_STYLE = Automatic;
				DEVELOPMENT_TEAM = DRF3BB53BA;
				INFOPLIST_FILE = "$(SRCROOT)/myFit/Supporting/Info.plist";
				LD_RUNPATH_SEARCH_PATHS = (
					"$(inherited)",
					"@executable_path/Frameworks",
				);
				PRODUCT_BUNDLE_IDENTIFIER = com.WinstonMaragh.Fit;
				PRODUCT_NAME = "$(TARGET_NAME)";
				SWIFT_VERSION = 4.2;
				TARGETED_DEVICE_FAMILY = "1,2";
			};
			name = Debug;
		};
		8128C302209532D00088F28D /* Release */ = {
			isa = XCBuildConfiguration;
			baseConfigurationReference = B4EE77A01A0520C5CD40D94E /* Pods-myFit.release.xcconfig */;
			buildSettings = {
				ASSETCATALOG_COMPILER_APPICON_NAME = AppIcon;
				ASSETCATALOG_COMPILER_LAUNCHIMAGE_NAME = LaunchImage;
				CODE_SIGN_STYLE = Automatic;
				DEVELOPMENT_TEAM = DRF3BB53BA;
				INFOPLIST_FILE = "$(SRCROOT)/myFit/Supporting/Info.plist";
				LD_RUNPATH_SEARCH_PATHS = (
					"$(inherited)",
					"@executable_path/Frameworks",
				);
				PRODUCT_BUNDLE_IDENTIFIER = com.WinstonMaragh.Fit;
				PRODUCT_NAME = "$(TARGET_NAME)";
				SWIFT_VERSION = 4.2;
				TARGETED_DEVICE_FAMILY = "1,2";
			};
			name = Release;
		};
/* End XCBuildConfiguration section */

/* Begin XCConfigurationList section */
		8128C2E9209532CE0088F28D /* Build configuration list for PBXProject "myFit" */ = {
			isa = XCConfigurationList;
			buildConfigurations = (
				8128C2FE209532D00088F28D /* Debug */,
				8128C2FF209532D00088F28D /* Release */,
			);
			defaultConfigurationIsVisible = 0;
			defaultConfigurationName = Release;
		};
		8128C300209532D00088F28D /* Build configuration list for PBXNativeTarget "myFit" */ = {
			isa = XCConfigurationList;
			buildConfigurations = (
				8128C301209532D00088F28D /* Debug */,
				8128C302209532D00088F28D /* Release */,
			);
			defaultConfigurationIsVisible = 0;
			defaultConfigurationName = Release;
		};
/* End XCConfigurationList section */
	};
	rootObject = 8128C2E6209532CE0088F28D /* Project object */;
}
